# This file is generated by running "yarn install" inside your project.
# Manual changes might be lost - proceed with caution!

__metadata:
  version: 6
  cacheKey: 8

"ansi-colors@npm:3.2.3":
  version: 3.2.3
  resolution: "ansi-colors@npm:3.2.3"
  checksum: 018a92fbf8b143feb9e00559655072598902ff2cdfa07dbe24b933c70ae04845e3dda2c091ab128920fc50b3db06c3f09947f49fcb287d53beb6c5869b8bb32b
  languageName: node
  linkType: hard

"ansi-regex@npm:^2.0.0":
  version: 2.1.1
  resolution: "ansi-regex@npm:2.1.1"
  checksum: 190abd03e4ff86794f338a31795d262c1dfe8c91f7e01d04f13f646f1dcb16c5800818f886047876f1272f065570ab86b24b99089f8b68a0e11ff19aed4ca8f1
  languageName: node
  linkType: hard

"ansi-regex@npm:^3.0.0":
  version: 3.0.0
  resolution: "ansi-regex@npm:3.0.0"
  checksum: 2ad11c416f81c39f5c65eafc88cf1d71aa91d76a2f766e75e457c2a3c43e8a003aadbf2966b61c497aa6a6940a36412486c975b3270cdfc3f413b69826189ec3
  languageName: node
  linkType: hard

"ansi-regex@npm:^4.1.0":
  version: 4.1.0
  resolution: "ansi-regex@npm:4.1.0"
  checksum: 97aa4659538d53e5e441f5ef2949a3cffcb838e57aeaad42c4194e9d7ddb37246a6526c4ca85d3940a9d1e19b11cc2e114530b54c9d700c8baf163c31779baf8
  languageName: node
  linkType: hard

"ansi-styles@npm:^3.2.1":
  version: 3.2.1
  resolution: "ansi-styles@npm:3.2.1"
  dependencies:
    color-convert: ^1.9.0
  checksum: d85ade01c10e5dd77b6c89f34ed7531da5830d2cb5882c645f330079975b716438cd7ebb81d0d6e6b4f9c577f19ae41ab55f07f19786b02f9dfd9e0377395665
  languageName: node
  linkType: hard

"argparse@npm:^1.0.7":
  version: 1.0.10
  resolution: "argparse@npm:1.0.10"
  dependencies:
    sprintf-js: ~1.0.2
  checksum: 7ca6e45583a28de7258e39e13d81e925cfa25d7d4aacbf806a382d3c02fcb13403a07fb8aeef949f10a7cfe4a62da0e2e807b348a5980554cc28ee573ef95945
  languageName: node
  linkType: hard

"balanced-match@npm:^1.0.0":
  version: 1.0.0
  resolution: "balanced-match@npm:1.0.0"
  checksum: 9b67bfe558772f40cf743a3469b48b286aecec2ea9fe80c48d74845e53aab1cef524fafedf123a63019b49ac397760573ef5f173f539423061f7217cbb5fbd40
  languageName: node
  linkType: hard

"brace-expansion@npm:^1.1.7":
  version: 1.1.11
  resolution: "brace-expansion@npm:1.1.11"
  dependencies:
    balanced-match: ^1.0.0
    concat-map: 0.0.1
  checksum: faf34a7bb0c3fcf4b59c7808bc5d2a96a40988addf2e7e09dfbb67a2251800e0d14cd2bfc1aa79174f2f5095c54ff27f46fb1289fe2d77dac755b5eb3434cc07
  languageName: node
  linkType: hard

"browser-stdout@npm:1.3.1":
  version: 1.3.1
  resolution: "browser-stdout@npm:1.3.1"
  checksum: b717b19b25952dd6af483e368f9bcd6b14b87740c3d226c2977a65e84666ffd67000bddea7d911f111a9b6ddc822b234de42d52ab6507bce4119a4cc003ef7b3
  languageName: node
  linkType: hard

"camelcase@npm:^5.0.0":
  version: 5.3.1
  resolution: "camelcase@npm:5.3.1"
  checksum: e6effce26b9404e3c0f301498184f243811c30dfe6d0b9051863bd8e4034d09c8c2923794f280d6827e5aa055f6c434115ff97864a16a963366fb35fd673024b
  languageName: node
  linkType: hard

"chalk@npm:^2.0.1":
  version: 2.4.2
  resolution: "chalk@npm:2.4.2"
  dependencies:
    ansi-styles: ^3.2.1
    escape-string-regexp: ^1.0.5
    supports-color: ^5.3.0
  checksum: ec3661d38fe77f681200f878edbd9448821924e0f93a9cefc0e26a33b145f1027a2084bf19967160d11e1f03bfe4eaffcabf5493b89098b2782c3fe0b03d80c2
  languageName: node
  linkType: hard

"cliui@npm:^4.0.0":
  version: 4.1.0
  resolution: "cliui@npm:4.1.0"
  dependencies:
    string-width: ^2.1.1
    strip-ansi: ^4.0.0
    wrap-ansi: ^2.0.0
  checksum: 0f8a77e55c66ab4400f8cc24a46e496af186ebfbf301709341a24c26d398200c2ccc5cac892566d586c3c393a079974f34f0ce05210df336f97b70805c02865e
  languageName: node
  linkType: hard

"code-point-at@npm:^1.0.0":
  version: 1.1.0
  resolution: "code-point-at@npm:1.1.0"
  checksum: 17d5666611f9b16d64fdf48176d9b7fb1c7d1c1607a189f7e600040a11a6616982876af148230336adb7d8fe728a559f743a4e29db3747e3b1a32fa7f4529681
  languageName: node
  linkType: hard

"color-convert@npm:^1.9.0":
  version: 1.9.3
  resolution: "color-convert@npm:1.9.3"
  dependencies:
    color-name: 1.1.3
  checksum: fd7a64a17cde98fb923b1dd05c5f2e6f7aefda1b60d67e8d449f9328b4e53b228a428fd38bfeaeb2db2ff6b6503a776a996150b80cdf224062af08a5c8a3a203
  languageName: node
  linkType: hard

"color-name@npm:1.1.3":
  version: 1.1.3
  resolution: "color-name@npm:1.1.3"
  checksum: 09c5d3e33d2105850153b14466501f2bfb30324a2f76568a408763a3b7433b0e50e5b4ab1947868e65cb101bb7cb75029553f2c333b6d4b8138a73fcc133d69d
  languageName: node
  linkType: hard

"concat-map@npm:0.0.1":
  version: 0.0.1
  resolution: "concat-map@npm:0.0.1"
  checksum: 902a9f5d8967a3e2faf138d5cb784b9979bad2e6db5357c5b21c568df4ebe62bcb15108af1b2253744844eb964fc023fbd9afbbbb6ddd0bcc204c6fb5b7bf3af
  languageName: node
  linkType: hard

"cross-spawn@npm:^6.0.0":
  version: 6.0.5
  resolution: "cross-spawn@npm:6.0.5"
  dependencies:
    nice-try: ^1.0.4
    path-key: ^2.0.1
    semver: ^5.5.0
    shebang-command: ^1.2.0
    which: ^1.2.9
  checksum: f893bb0d96cd3d5751d04e67145bdddf25f99449531a72e82dcbbd42796bbc8268c1076c6b3ea51d4d455839902804b94bc45dfb37ecbb32ea8e54a6741c3ab9
  languageName: node
  linkType: hard

"debug@npm:3.2.6":
  version: 3.2.6
  resolution: "debug@npm:3.2.6"
  dependencies:
    ms: ^2.1.1
  checksum: 07bc8b3a13ef3cfa6c06baf7871dfb174c291e5f85dbf566f086620c16b9c1a0e93bb8f1935ebbd07a683249e7e30286f2966e2ef461e8fd17b1b60732062d6b
  languageName: node
  linkType: hard

"decamelize@npm:^1.2.0":
  version: 1.2.0
  resolution: "decamelize@npm:1.2.0"
  checksum: ad8c51a7e7e0720c70ec2eeb1163b66da03e7616d7b98c9ef43cce2416395e84c1e9548dd94f5f6ffecfee9f8b94251fc57121a8b021f2ff2469b2bae247b8aa
  languageName: node
  linkType: hard

"define-properties@npm:^1.1.2":
  version: 1.1.3
  resolution: "define-properties@npm:1.1.3"
  dependencies:
    object-keys: ^1.0.12
  checksum: da80dba55d0cd76a5a7ab71ef6ea0ebcb7b941f803793e4e0257b384cb772038faa0c31659d244e82c4342edef841c1a1212580006a05a5068ee48223d787317
  languageName: node
  linkType: hard

"diff@npm:3.5.0":
  version: 3.5.0
  resolution: "diff@npm:3.5.0"
  checksum: 00842950a6551e26ce495bdbce11047e31667deea546527902661f25cc2e73358967ebc78cf86b1a9736ec3e14286433225f9970678155753a6291c3bca5227b
  languageName: node
  linkType: hard

"emoji-regex@npm:^7.0.1":
  version: 7.0.3
  resolution: "emoji-regex@npm:7.0.3"
  checksum: 9159b2228b1511f2870ac5920f394c7e041715429a68459ebe531601555f11ea782a8e1718f969df2711d38c66268174407cbca57ce36485544f695c2dfdc96e
  languageName: node
  linkType: hard

"end-of-stream@npm:^1.1.0":
  version: 1.4.1
  resolution: "end-of-stream@npm:1.4.1"
  dependencies:
    once: ^1.4.0
  checksum: ac0f75d57cfcd5569af5bd2d7d005efb21e1a939fcfcc367e3d991c7e3275eeb10c400880aab4b3be72d5cda0406401511e98990d85996e72b2210cfdd4c8f8a
  languageName: node
  linkType: hard

"es-abstract@npm:^1.5.1":
  version: 1.13.0
  resolution: "es-abstract@npm:1.13.0"
  dependencies:
    es-to-primitive: ^1.2.0
    function-bind: ^1.1.1
    has: ^1.0.3
    is-callable: ^1.1.4
    is-regex: ^1.0.4
    object-keys: ^1.0.12
  checksum: 804859a857c219947cdd1f64093004fdddae92351808938006e582a00ae236d39c1ea19ea7538c244209533cc48004e5134093f26d14f67dedcfce2510a1c51e
  languageName: node
  linkType: hard

"es-to-primitive@npm:^1.2.0":
  version: 1.2.0
  resolution: "es-to-primitive@npm:1.2.0"
  dependencies:
    is-callable: ^1.1.4
    is-date-object: ^1.0.1
    is-symbol: ^1.0.2
  checksum: 6bd427991a876a978d8bac8684ccfda89a1d51014f69b37715ad6f52b1c7e9692a6fa908c7050c8337718df3c23344e68002e528a36dcde9d6d90ae8758d559c
  languageName: node
  linkType: hard

"escape-string-regexp@npm:1.0.5, escape-string-regexp@npm:^1.0.5":
  version: 1.0.5
  resolution: "escape-string-regexp@npm:1.0.5"
  checksum: 6092fda75c63b110c706b6a9bfde8a612ad595b628f0bd2147eea1d3406723020810e591effc7db1da91d80a71a737a313567c5abb3813e8d9c71f4aa595b410
  languageName: node
  linkType: hard

"esprima@npm:^4.0.0":
  version: 4.0.1
  resolution: "esprima@npm:4.0.1"
  bin:
    esparse: ./bin/esparse.js
    esvalidate: ./bin/esvalidate.js
  checksum: b45bc805a613dbea2835278c306b91aff6173c8d034223fa81498c77dcbce3b2931bf6006db816f62eacd9fd4ea975dfd85a5b7f3c6402cfd050d4ca3c13a628
  languageName: node
  linkType: hard

"euler-javascript@workspace:.":
  version: 0.0.0-use.local
  resolution: "euler-javascript@workspace:."
  dependencies:
    mocha: ^6.1.4
  bin:
    euler-javascript: bin/euler-javascript
  languageName: unknown
  linkType: soft

"execa@npm:^1.0.0":
  version: 1.0.0
  resolution: "execa@npm:1.0.0"
  dependencies:
    cross-spawn: ^6.0.0
    get-stream: ^4.0.0
    is-stream: ^1.1.0
    npm-run-path: ^2.0.0
    p-finally: ^1.0.0
    signal-exit: ^3.0.0
    strip-eof: ^1.0.0
  checksum: ddf1342c1c7d02dd93b41364cd847640f6163350d9439071abf70bf4ceb1b9b2b2e37f54babb1d8dc1df8e0d8def32d0e81e74a2e62c3e1d70c303eb4c306bc4
  languageName: node
  linkType: hard

"find-up@npm:3.0.0, find-up@npm:^3.0.0":
  version: 3.0.0
  resolution: "find-up@npm:3.0.0"
  dependencies:
    locate-path: ^3.0.0
  checksum: 38eba3fe7a66e4bc7f0f5a1366dc25508b7cfc349f852640e3678d26ad9a6d7e2c43eff0a472287de4a9753ef58f066a0ea892a256fa3636ad51b3fe1e17fae9
  languageName: node
  linkType: hard

"flat@npm:^4.1.0":
  version: 4.1.0
  resolution: "flat@npm:4.1.0"
  dependencies:
    is-buffer: ~2.0.3
  bin:
    flat: cli.js
  checksum: 41a91335be78c5c16813672a6371871034763db85ed84b31926b132ebeb145d63cd05460e33e4197358ed6a862e2c25c01721c8b2b20d292ff1e166795655f09
  languageName: node
  linkType: hard

"fs.realpath@npm:^1.0.0":
  version: 1.0.0
  resolution: "fs.realpath@npm:1.0.0"
  checksum: 99ddea01a7e75aa276c250a04eedeffe5662bce66c65c07164ad6264f9de18fb21be9433ead460e54cff20e31721c811f4fb5d70591799df5f85dce6d6746fd0
  languageName: node
  linkType: hard

"function-bind@npm:^1.1.1":
  version: 1.1.1
  resolution: "function-bind@npm:1.1.1"
  checksum: b32fbaebb3f8ec4969f033073b43f5c8befbb58f1a79e12f1d7490358150359ebd92f49e72ff0144f65f2c48ea2a605bff2d07965f548f6474fd8efd95bf361a
  languageName: node
  linkType: hard

"get-caller-file@npm:^1.0.1":
  version: 1.0.3
  resolution: "get-caller-file@npm:1.0.3"
  checksum: 2b90a7f848896abcebcdc0acc627a435bcf05b9cd280599bc980ebfcdc222416c3df12c24c4845f69adc4346728e8966f70b758f9369f3534182791dfbc25c05
  languageName: node
  linkType: hard

"get-caller-file@npm:^2.0.1":
  version: 2.0.5
  resolution: "get-caller-file@npm:2.0.5"
  checksum: b9769a836d2a98c3ee734a88ba712e62703f1df31b94b784762c433c27a386dd6029ff55c2a920c392e33657d80191edbf18c61487e198844844516f843496b9
  languageName: node
  linkType: hard

"get-stream@npm:^4.0.0":
  version: 4.1.0
  resolution: "get-stream@npm:4.1.0"
  dependencies:
    pump: ^3.0.0
  checksum: 443e1914170c15bd52ff8ea6eff6dfc6d712b031303e36302d2778e3de2506af9ee964d6124010f7818736dcfde05c04ba7ca6cc26883106e084357a17ae7d73
  languageName: node
  linkType: hard

"glob@npm:7.1.3":
  version: 7.1.3
  resolution: "glob@npm:7.1.3"
  dependencies:
    fs.realpath: ^1.0.0
    inflight: ^1.0.4
    inherits: 2
    minimatch: ^3.0.4
    once: ^1.3.0
    path-is-absolute: ^1.0.0
  checksum: d72a834a393948d6c4a5cacc6a29fe5fe190e1cd134e55dfba09aee0be6fe15be343e96d8ec43558ab67ff8af28e4420c7f63a4d4db1c779e515015e9c318616
  languageName: node
  linkType: hard

"growl@npm:1.10.5":
  version: 1.10.5
  resolution: "growl@npm:1.10.5"
  checksum: 4b86685de6831cebcbb19f93870bea624afee61124b0a20c49017013987cd129e73a8c4baeca295728f41d21265e1f859d25ef36731b142ca59c655fea94bb1a
  languageName: node
  linkType: hard

"has-flag@npm:^3.0.0":
  version: 3.0.0
  resolution: "has-flag@npm:3.0.0"
  checksum: 4a15638b454bf086c8148979aae044dd6e39d63904cd452d970374fa6a87623423da485dfb814e7be882e05c096a7ccf1ebd48e7e7501d0208d8384ff4dea73b
  languageName: node
  linkType: hard

"has-symbols@npm:^1.0.0":
  version: 1.0.0
  resolution: "has-symbols@npm:1.0.0"
  checksum: 9b557a61222b5579273ac93f193e14925a3b0d9631e87cae8f6f774cb7f90eada8218a9f71f075a60d330266dddea3c4e7153b9638e866e3d01d42a614717bc4
  languageName: node
  linkType: hard

"has@npm:^1.0.1, has@npm:^1.0.3":
  version: 1.0.3
  resolution: "has@npm:1.0.3"
  dependencies:
    function-bind: ^1.1.1
  checksum: b9ad53d53be4af90ce5d1c38331e712522417d017d5ef1ebd0507e07c2fbad8686fffb8e12ddecd4c39ca9b9b47431afbb975b8abf7f3c3b82c98e9aad052792
  languageName: node
  linkType: hard

"he@npm:1.2.0":
  version: 1.2.0
  resolution: "he@npm:1.2.0"
  bin:
    he: bin/he
  checksum: 3d4d6babccccd79c5c5a3f929a68af33360d6445587d628087f39a965079d84f18ce9c3d3f917ee1e3978916fc833bb8b29377c3b403f919426f91bc6965e7a7
  languageName: node
  linkType: hard

"inflight@npm:^1.0.4":
  version: 1.0.6
  resolution: "inflight@npm:1.0.6"
  dependencies:
    once: ^1.3.0
    wrappy: 1
  checksum: f4f76aa072ce19fae87ce1ef7d221e709afb59d445e05d47fba710e85470923a75de35bfae47da6de1b18afc3ce83d70facf44cfb0aff89f0a3f45c0a0244dfd
  languageName: node
  linkType: hard

"inherits@npm:2":
  version: 2.0.3
  resolution: "inherits@npm:2.0.3"
  checksum: 78cb8d7d850d20a5e9a7f3620db31483aa00ad5f722ce03a55b110e5a723539b3716a3b463e2b96ce3fe286f33afc7c131fa2f91407528ba80cea98a7545d4c0
  languageName: node
  linkType: hard

"invert-kv@npm:^2.0.0":
  version: 2.0.0
  resolution: "invert-kv@npm:2.0.0"
  checksum: 52ea317354101ad6127c6e4c1c6a2d27ae8d3010b6438b60d76d6a920e55410e03547f97f9d1f52031becf5656bbef91d36ee7daa9e26ebc374a9cb342e1f127
  languageName: node
  linkType: hard

"is-buffer@npm:~2.0.3":
  version: 2.0.3
  resolution: "is-buffer@npm:2.0.3"
  checksum: 558fa33018fb8bcd55e2dbd785e2a2a381439ea3790834f99fc4a23ab3936d88e98fa131ba018848de04fd21cdfe27c8268177897c7ea6aa4c759655d832ef32
  languageName: node
  linkType: hard

"is-callable@npm:^1.1.4":
  version: 1.1.4
  resolution: "is-callable@npm:1.1.4"
  checksum: ad54044fbe114f91da69f89ab3a9b626e80d13398aeb6a541930a52936207d6da4b0f51e5e5dbf2c8dad45623bc302b0e62a0ac9918a0f7d1cd4865929adc0ed
  languageName: node
  linkType: hard

"is-date-object@npm:^1.0.1":
  version: 1.0.1
  resolution: "is-date-object@npm:1.0.1"
  checksum: 4ce962ecb46d31e48652a247ba9a31697199308926ec8e330426f5de41007781c28617c7c972f188e9aa2dd3d77f725eaba7755d207cecdd49f32fc0beca4fed
  languageName: node
  linkType: hard

"is-fullwidth-code-point@npm:^1.0.0":
  version: 1.0.0
  resolution: "is-fullwidth-code-point@npm:1.0.0"
  dependencies:
    number-is-nan: ^1.0.0
  checksum: 4d46a7465a66a8aebcc5340d3b63a56602133874af576a9ca42c6f0f4bd787a743605771c5f246db77da96605fefeffb65fc1dbe862dcc7328f4b4d03edf5a57
  languageName: node
  linkType: hard

"is-fullwidth-code-point@npm:^2.0.0":
  version: 2.0.0
  resolution: "is-fullwidth-code-point@npm:2.0.0"
  checksum: eef9c6e15f68085fec19ff6a978a6f1b8f48018fd1265035552078ee945573594933b09bbd6f562553e2a241561439f1ef5339276eba68d272001343084cfab8
  languageName: node
  linkType: hard

"is-regex@npm:^1.0.4":
  version: 1.0.4
  resolution: "is-regex@npm:1.0.4"
  dependencies:
    has: ^1.0.1
  checksum: 8df3511d4464a22d789502a175decd4d82b5394a424297c92b5ffc11996a239d89a7ff1dd5c721329bd41ed128218b94fe4eeddbf9e2ab2c10fa05b6effc3dd5
  languageName: node
  linkType: hard

"is-stream@npm:^1.1.0":
  version: 1.1.0
  resolution: "is-stream@npm:1.1.0"
  checksum: 063c6bec9d5647aa6d42108d4c59723d2bd4ae42135a2d4db6eadbd49b7ea05b750fd69d279e5c7c45cf9da753ad2c00d8978be354d65aa9f6bb434969c6a2ae
  languageName: node
  linkType: hard

"is-symbol@npm:^1.0.2":
  version: 1.0.2
  resolution: "is-symbol@npm:1.0.2"
  dependencies:
    has-symbols: ^1.0.0
  checksum: 28a384b4f7a20591c94230ea6e4a45b707395a2cd68a43cd6623c6a444374073c6b9c11b9d3d4b5b472b006cacf1901ca4dd60629f55d534644648954a217169
  languageName: node
  linkType: hard

"isexe@npm:^2.0.0":
  version: 2.0.0
  resolution: "isexe@npm:2.0.0"
  checksum: 26bf6c5480dda5161c820c5b5c751ae1e766c587b1f951ea3fcfc973bafb7831ae5b54a31a69bd670220e42e99ec154475025a468eae58ea262f813fdc8d1c62
  languageName: node
  linkType: hard

"js-yaml@npm:3.13.1":
  version: 3.13.1
  resolution: "js-yaml@npm:3.13.1"
  dependencies:
    argparse: ^1.0.7
    esprima: ^4.0.0
  bin:
    js-yaml: bin/js-yaml.js
  checksum: 7511b764abb66d8aa963379f7d2a404f078457d106552d05a7b556d204f7932384e8477513c124749fa2de52eb328961834562bd09924902c6432e40daa408bc
  languageName: node
  linkType: hard

"lcid@npm:^2.0.0":
  version: 2.0.0
  resolution: "lcid@npm:2.0.0"
  dependencies:
    invert-kv: ^2.0.0
  checksum: 278e27b5a0707cf9ab682146963ebff2328795be10cd6f8ea8edae293439325d345ac5e33079cce77ac3a86a3dcfb97a34f279dbc46b03f3e419aa39b5915a16
  languageName: node
  linkType: hard

"locate-path@npm:^3.0.0":
  version: 3.0.0
  resolution: "locate-path@npm:3.0.0"
  dependencies:
    p-locate: ^3.0.0
    path-exists: ^3.0.0
  checksum: 53db3996672f21f8b0bf2a2c645ae2c13ffdae1eeecfcd399a583bce8516c0b88dcb4222ca6efbbbeb6949df7e46860895be2c02e8d3219abd373ace3bfb4e11
  languageName: node
  linkType: hard

"lodash@npm:^4.17.11":
  version: 4.17.11
  resolution: "lodash@npm:4.17.11"
  checksum: 0611590f43371f1dc93f8ad6d73feab7e301417ff7bbd4f7af4421def41d7b3210230539ae952884a0c7b944ba3266dd2723c02b79f36a7906e8d9e2e280a498
  languageName: node
  linkType: hard

"log-symbols@npm:2.2.0":
  version: 2.2.0
  resolution: "log-symbols@npm:2.2.0"
  dependencies:
    chalk: ^2.0.1
  checksum: 4c95e3b65f0352dbe91dc4989c10baf7a44e2ef5b0db7e6721e1476268e2b6f7090c3aa880d4f833a05c5c3ff18f4ec5215a09bd0099986d64a8186cfeb48ac8
  languageName: node
  linkType: hard

"map-age-cleaner@npm:^0.1.1":
  version: 0.1.3
  resolution: "map-age-cleaner@npm:0.1.3"
  dependencies:
    p-defer: ^1.0.0
  checksum: cb2804a5bcb3cbdfe4b59066ea6d19f5e7c8c196cd55795ea4c28f792b192e4c442426ae52524e5e1acbccf393d3bddacefc3d41f803e66453f6c4eda3650bc1
  languageName: node
  linkType: hard

"mem@npm:^4.0.0":
  version: 4.3.0
  resolution: "mem@npm:4.3.0"
  dependencies:
    map-age-cleaner: ^0.1.1
    mimic-fn: ^2.0.0
    p-is-promise: ^2.0.0
  checksum: cf488608e5d59c6cb68004b70de317222d4be9f857fd535dfa6a108e04f40821479c080bc763c417b1030569d303538c59d441280078cfce07fefd1c523f98ef
  languageName: node
  linkType: hard

"mimic-fn@npm:^2.0.0":
  version: 2.1.0
  resolution: "mimic-fn@npm:2.1.0"
  checksum: d2421a3444848ce7f84bd49115ddacff29c15745db73f54041edc906c14b131a38d05298dae3081667627a59b2eb1ca4b436ff2e1b80f69679522410418b478a
  languageName: node
  linkType: hard

"minimatch@npm:3.0.4, minimatch@npm:^3.0.4":
  version: 3.0.4
  resolution: "minimatch@npm:3.0.4"
  dependencies:
    brace-expansion: ^1.1.7
  checksum: 66ac295f8a7b59788000ea3749938b0970344c841750abd96694f80269b926ebcafad3deeb3f1da2522978b119e6ae3a5869b63b13a7859a456b3408bd18a078
  languageName: node
  linkType: hard

"minimist@npm:0.0.8":
  version: 0.0.8
  resolution: "minimist@npm:0.0.8"
  checksum: 042f8b626b1fa44dffc23bac55771425ac4ee9d267b56f9064c07713e516e1799f3ba933bb628d2475a210caf7dcdb98161611baa1f0daf49309a944cb4bc48f
  languageName: node
  linkType: hard

"mkdirp@npm:0.5.1":
  version: 0.5.1
  resolution: "mkdirp@npm:0.5.1"
  dependencies:
    minimist: 0.0.8
  bin:
    mkdirp: bin/cmd.js
  checksum: ed1ab49bb1d06c88dba7cfe930a3186f2605b5465aab7c8f24119baaba6e38f9ab4ac1695c68f476c65a48df2a69a8495049cd6e26c360ea082151a0771343d2
  languageName: node
  linkType: hard

"mocha@npm:^6.1.4":
  version: 6.1.4
  resolution: "mocha@npm:6.1.4"
  dependencies:
    ansi-colors: 3.2.3
    browser-stdout: 1.3.1
    debug: 3.2.6
    diff: 3.5.0
    escape-string-regexp: 1.0.5
    find-up: 3.0.0
    glob: 7.1.3
    growl: 1.10.5
    he: 1.2.0
    js-yaml: 3.13.1
    log-symbols: 2.2.0
    minimatch: 3.0.4
    mkdirp: 0.5.1
    ms: 2.1.1
    node-environment-flags: 1.0.5
    object.assign: 4.1.0
    strip-json-comments: 2.0.1
    supports-color: 6.0.0
    which: 1.3.1
    wide-align: 1.1.3
    yargs: 13.2.2
    yargs-parser: 13.0.0
    yargs-unparser: 1.5.0
  bin:
    _mocha: ./bin/_mocha
    mocha: ./bin/mocha
  checksum: 11942ad785598cd9f7bb28f20bed028be88962f0e75848658bc97d6a823c0491b1e790f582a19604699da6f22c807732097ea601cf6ea6d0e949234ef7934039
  languageName: node
  linkType: hard

"ms@npm:2.1.1, ms@npm:^2.1.1":
  version: 2.1.1
  resolution: "ms@npm:2.1.1"
  checksum: 0078a23cd916a9a7435c413caa14c57d4b4f6e2470e0ab554b6964163c8a4436448ac7ae020e883685475da6b6796cc396b670f579cb275db288a21e3e57721e
  languageName: node
  linkType: hard

"nice-try@npm:^1.0.4":
  version: 1.0.5
  resolution: "nice-try@npm:1.0.5"
  checksum: 0b4af3b5bb5d86c289f7a026303d192a7eb4417231fe47245c460baeabae7277bcd8fd9c728fb6bd62c30b3e15cd6620373e2cf33353b095d8b403d3e8a15aff
  languageName: node
  linkType: hard

"node-environment-flags@npm:1.0.5":
  version: 1.0.5
  resolution: "node-environment-flags@npm:1.0.5"
  dependencies:
    object.getownpropertydescriptors: ^2.0.3
    semver: ^5.7.0
  checksum: 8c7ea6b693ca83cf5dc2d23660bfdb8bb06c2b7c0ce9226774ba9cd2d370d6977ca004577dcb9df6bd334f22ef9ab0882fb7e4e7fb0645ccd27967d7d93a62cd
  languageName: node
  linkType: hard

"npm-run-path@npm:^2.0.0":
  version: 2.0.2
  resolution: "npm-run-path@npm:2.0.2"
  dependencies:
    path-key: ^2.0.0
  checksum: acd5ad81648ba4588ba5a8effb1d98d2b339d31be16826a118d50f182a134ac523172101b82eab1d01cb4c2ba358e857d54cfafd8163a1ffe7bd52100b741125
  languageName: node
  linkType: hard

"number-is-nan@npm:^1.0.0":
  version: 1.0.1
  resolution: "number-is-nan@npm:1.0.1"
  checksum: 13656bc9aa771b96cef209ffca31c31a03b507ca6862ba7c3f638a283560620d723d52e626d57892c7fff475f4c36ac07f0600f14544692ff595abff214b9ffb
  languageName: node
  linkType: hard

"object-keys@npm:^1.0.11, object-keys@npm:^1.0.12":
  version: 1.1.1
  resolution: "object-keys@npm:1.1.1"
  checksum: b363c5e7644b1e1b04aa507e88dcb8e3a2f52b6ffd0ea801e4c7a62d5aa559affe21c55a07fd4b1fd55fc03a33c610d73426664b20032405d7b92a1414c34d6a
  languageName: node
  linkType: hard

"object.assign@npm:4.1.0":
  version: 4.1.0
  resolution: "object.assign@npm:4.1.0"
  dependencies:
    define-properties: ^1.1.2
    function-bind: ^1.1.1
    has-symbols: ^1.0.0
    object-keys: ^1.0.11
  checksum: 648a9a463580bf48332d9a49a76fede2660ab1ee7104d9459b8a240562246da790b4151c3c073f28fda31c1fdc555d25a1d871e72be403e997e4468c91f4801f
  languageName: node
  linkType: hard

"object.getownpropertydescriptors@npm:^2.0.3":
  version: 2.0.3
  resolution: "object.getownpropertydescriptors@npm:2.0.3"
  dependencies:
    define-properties: ^1.1.2
    es-abstract: ^1.5.1
  checksum: bf79fae8ff49be1c7e3822b4e649993775fb3abd9c6e83a46a1c91356c7b048f699166916f85b74ef44a61e18900a448154d3b84cab8436095aeaf59c376d345
  languageName: node
  linkType: hard

"once@npm:^1.3.0, once@npm:^1.3.1, once@npm:^1.4.0":
  version: 1.4.0
  resolution: "once@npm:1.4.0"
  dependencies:
    wrappy: 1
  checksum: cd0a88501333edd640d95f0d2700fbde6bff20b3d4d9bdc521bdd31af0656b5706570d6c6afe532045a20bb8dc0849f8332d6f2a416e0ba6d3d3b98806c7db68
  languageName: node
  linkType: hard

"os-locale@npm:^3.0.0, os-locale@npm:^3.1.0":
  version: 3.1.0
  resolution: "os-locale@npm:3.1.0"
  dependencies:
    execa: ^1.0.0
    lcid: ^2.0.0
    mem: ^4.0.0
  checksum: 53c542b11af3c5fe99624b09c7882b6944f9ae7c69edbc6006b7d42cff630b1f7fd9d63baf84ed31d1ef02b34823b6b31f23a1ecdd593757873d716bc6374099
  languageName: node
  linkType: hard

"p-defer@npm:^1.0.0":
  version: 1.0.0
  resolution: "p-defer@npm:1.0.0"
  checksum: 4271b935c27987e7b6f229e5de4cdd335d808465604644cb7b4c4c95bef266735859a93b16415af8a41fd663ee9e3b97a1a2023ca9def613dba1bad2a0da0c7b
  languageName: node
  linkType: hard

"p-finally@npm:^1.0.0":
  version: 1.0.0
  resolution: "p-finally@npm:1.0.0"
  checksum: 93a654c53dc805dd5b5891bab16eb0ea46db8f66c4bfd99336ae929323b1af2b70a8b0654f8f1eae924b2b73d037031366d645f1fd18b3d30cbd15950cc4b1d4
  languageName: node
  linkType: hard

"p-is-promise@npm:^2.0.0":
  version: 2.1.0
  resolution: "p-is-promise@npm:2.1.0"
  checksum: c9a8248c8b5e306475a5d55ce7808dbce4d4da2e3d69526e4991a391a7809bfd6cfdadd9bf04f1c96a3db366c93d9a0f5ee81d949e7b1684c4e0f61f747199ef
  languageName: node
  linkType: hard

"p-limit@npm:^2.0.0":
  version: 2.2.0
  resolution: "p-limit@npm:2.2.0"
  dependencies:
    p-try: ^2.0.0
  checksum: e92ec3025f9c28e8826fbd35405baa57a5f312ed03298b82703cd87e05578537f23987714baf45cd1551108796daf28773fff56149e345f711aff4a193c26fb3
  languageName: node
  linkType: hard

"p-locate@npm:^3.0.0":
  version: 3.0.0
  resolution: "p-locate@npm:3.0.0"
  dependencies:
    p-limit: ^2.0.0
  checksum: 83991734a9854a05fe9dbb29f707ea8a0599391f52daac32b86f08e21415e857ffa60f0e120bfe7ce0cc4faf9274a50239c7895fc0d0579d08411e513b83a4ae
  languageName: node
  linkType: hard

"p-try@npm:^2.0.0":
  version: 2.2.0
  resolution: "p-try@npm:2.2.0"
  checksum: f8a8e9a7693659383f06aec604ad5ead237c7a261c18048a6e1b5b85a5f8a067e469aa24f5bc009b991ea3b058a87f5065ef4176793a200d4917349881216cae
  languageName: node
  linkType: hard

"path-exists@npm:^3.0.0":
  version: 3.0.0
  resolution: "path-exists@npm:3.0.0"
  checksum: 96e92643aa34b4b28d0de1cd2eba52a1c5313a90c6542d03f62750d82480e20bfa62bc865d5cfc6165f5fcd5aeb0851043c40a39be5989646f223300021bae0a
  languageName: node
  linkType: hard

"path-is-absolute@npm:^1.0.0":
  version: 1.0.1
  resolution: "path-is-absolute@npm:1.0.1"
  checksum: 060840f92cf8effa293bcc1bea81281bd7d363731d214cbe5c227df207c34cd727430f70c6037b5159c8a870b9157cba65e775446b0ab06fd5ecc7e54615a3b8
  languageName: node
  linkType: hard

"path-key@npm:^2.0.0, path-key@npm:^2.0.1":
  version: 2.0.1
  resolution: "path-key@npm:2.0.1"
  checksum: f7ab0ad42fe3fb8c7f11d0c4f849871e28fbd8e1add65c370e422512fc5887097b9cf34d09c1747d45c942a8c1e26468d6356e2df3f740bf177ab8ca7301ebfd
  languageName: node
  linkType: hard

"pump@npm:^3.0.0":
  version: 3.0.0
  resolution: "pump@npm:3.0.0"
  dependencies:
    end-of-stream: ^1.1.0
    once: ^1.3.1
  checksum: e42e9229fba14732593a718b04cb5e1cfef8254544870997e0ecd9732b189a48e1256e4e5478148ecb47c8511dca2b09eae56b4d0aad8009e6fac8072923cfc9
  languageName: node
  linkType: hard

"require-directory@npm:^2.1.1":
  version: 2.1.1
  resolution: "require-directory@npm:2.1.1"
  checksum: fb47e70bf0001fdeabdc0429d431863e9475e7e43ea5f94ad86503d918423c1543361cc5166d713eaa7029dd7a3d34775af04764bebff99ef413111a5af18c80
  languageName: node
  linkType: hard

"require-main-filename@npm:^1.0.1":
  version: 1.0.1
  resolution: "require-main-filename@npm:1.0.1"
  checksum: 1fef30754da961f4e13c450c3eb60c7ae898a529c6ad6fa708a70bd2eed01564ceb299187b2899f5562804d797a059f39a5789884d0ac7b7ae1defc68fba4abf
  languageName: node
  linkType: hard

"require-main-filename@npm:^2.0.0":
  version: 2.0.0
  resolution: "require-main-filename@npm:2.0.0"
  checksum: e9e294695fea08b076457e9ddff854e81bffbe248ed34c1eec348b7abbd22a0d02e8d75506559e2265e96978f3c4720bd77a6dad84755de8162b357eb6c778c7
  languageName: node
  linkType: hard

"semver@npm:^5.5.0, semver@npm:^5.7.0":
  version: 5.7.0
  resolution: "semver@npm:5.7.0"
  bin:
    semver: ./bin/semver
  checksum: 25d150834511d12ae0c1a0f012f294cb176b1497534c51c5ebb6209b7e8ab3845c6df4f1c078921487e6bcfcf0abd56ffdcabf38ef26d4e1bd93fdca0762cae4
  languageName: node
  linkType: hard

"set-blocking@npm:^2.0.0":
  version: 2.0.0
  resolution: "set-blocking@npm:2.0.0"
  checksum: 6e65a05f7cf7ebdf8b7c75b101e18c0b7e3dff4940d480efed8aad3a36a4005140b660fa1d804cb8bce911cac290441dc728084a30504d3516ac2ff7ad607b02
  languageName: node
  linkType: hard

"shebang-command@npm:^1.2.0":
  version: 1.2.0
  resolution: "shebang-command@npm:1.2.0"
  dependencies:
    shebang-regex: ^1.0.0
  checksum: 9eed1750301e622961ba5d588af2212505e96770ec376a37ab678f965795e995ade7ed44910f5d3d3cb5e10165a1847f52d3348c64e146b8be922f7707958908
  languageName: node
  linkType: hard

"shebang-regex@npm:^1.0.0":
  version: 1.0.0
  resolution: "shebang-regex@npm:1.0.0"
  checksum: 404c5a752cd40f94591dfd9346da40a735a05139dac890ffc229afba610854d8799aaa52f87f7e0c94c5007f2c6af55bdcaeb584b56691926c5eaf41dc8f1372
  languageName: node
  linkType: hard

"signal-exit@npm:^3.0.0":
  version: 3.0.2
  resolution: "signal-exit@npm:3.0.2"
  checksum: ccc08b9ad53644154d274ed147bb5e6cd5fd09c81bc6480a93bbe581f9030a599882907f78b305b81214ea725be7c09ed9182b58c675a148a1fe48cd50e43b2b
  languageName: node
  linkType: hard

"sprintf-js@npm:~1.0.2":
  version: 1.0.3
  resolution: "sprintf-js@npm:1.0.3"
  checksum: 19d79aec211f09b99ec3099b5b2ae2f6e9cdefe50bc91ac4c69144b6d3928a640bb6ae5b3def70c2e85a2c3d9f5ec2719921e3a59d3ca3ef4b2fd1a4656a0df3
  languageName: node
  linkType: hard

"string-width@npm:^1.0.1":
  version: 1.0.2
  resolution: "string-width@npm:1.0.2"
  dependencies:
    code-point-at: ^1.0.0
    is-fullwidth-code-point: ^1.0.0
    strip-ansi: ^3.0.0
  checksum: 5c79439e95bc3bd7233a332c5f5926ab2ee90b23816ed4faa380ce3b2576d7800b0a5bb15ae88ed28737acc7ea06a518c2eef39142dd727adad0e45c776cd37e
  languageName: node
  linkType: hard

"string-width@npm:^1.0.2 || 2, string-width@npm:^2.0.0, string-width@npm:^2.1.1":
  version: 2.1.1
  resolution: "string-width@npm:2.1.1"
  dependencies:
    is-fullwidth-code-point: ^2.0.0
    strip-ansi: ^4.0.0
  checksum: d6173abe088c615c8dffaf3861dc5d5906ed3dc2d6fd67ff2bd2e2b5dce7fd683c5240699cf0b1b8aa679a3b3bd6b28b5053c824cb89b813d7f6541d8f89064a
  languageName: node
  linkType: hard

"string-width@npm:^3.0.0":
  version: 3.1.0
  resolution: "string-width@npm:3.1.0"
  dependencies:
    emoji-regex: ^7.0.1
    is-fullwidth-code-point: ^2.0.0
    strip-ansi: ^5.1.0
  checksum: 57f7ca73d201682816d573dc68bd4bb8e1dff8dc9fcf10470fdfc3474135c97175fec12ea6a159e67339b41e86963112355b64529489af6e7e70f94a7caf08b2
  languageName: node
  linkType: hard

"strip-ansi@npm:^3.0.0, strip-ansi@npm:^3.0.1":
  version: 3.0.1
  resolution: "strip-ansi@npm:3.0.1"
  dependencies:
    ansi-regex: ^2.0.0
  checksum: 9b974de611ce5075c70629c00fa98c46144043db92ae17748fb780f706f7a789e9989fd10597b7c2053ae8d1513fd707816a91f1879b2f71e6ac0b6a863db465
  languageName: node
  linkType: hard

"strip-ansi@npm:^4.0.0":
  version: 4.0.0
  resolution: "strip-ansi@npm:4.0.0"
  dependencies:
    ansi-regex: ^3.0.0
  checksum: d9186e6c0cf78f25274f6750ee5e4a5725fb91b70fdd79aa5fe648eab092a0ec5b9621b22d69d4534a56319f75d8944efbd84e3afa8d4ad1b9a9491f12c84eca
  languageName: node
  linkType: hard

"strip-ansi@npm:^5.1.0":
  version: 5.2.0
  resolution: "strip-ansi@npm:5.2.0"
  dependencies:
    ansi-regex: ^4.1.0
  checksum: bdb5f76ade97062bd88e7723aa019adbfacdcba42223b19ccb528ffb9fb0b89a5be442c663c4a3fb25268eaa3f6ea19c7c3fbae830bd1562d55adccae1fcec46
  languageName: node
  linkType: hard

"strip-eof@npm:^1.0.0":
  version: 1.0.0
  resolution: "strip-eof@npm:1.0.0"
  checksum: 40bc8ddd7e072f8ba0c2d6d05267b4e0a4800898c3435b5fb5f5a21e6e47dfaff18467e7aa0d1844bb5d6274c3097246595841fbfeb317e541974ee992cac506
  languageName: node
  linkType: hard

"strip-json-comments@npm:2.0.1":
  version: 2.0.1
  resolution: "strip-json-comments@npm:2.0.1"
  checksum: 1074ccb63270d32ca28edfb0a281c96b94dc679077828135141f27d52a5a398ef5e78bcf22809d23cadc2b81dfbe345eb5fd8699b385c8b1128907dec4a7d1e1
  languageName: node
  linkType: hard

"supports-color@npm:6.0.0":
  version: 6.0.0
  resolution: "supports-color@npm:6.0.0"
  dependencies:
    has-flag: ^3.0.0
  checksum: 005b4a7e5d78a9a703454f5b7da34336b82825747724d1f3eefea6c3956afcb33b79b31854a93cef0fc1f2449919ae952f79abbfd09a5b5b43ecd26407d3a3a1
  languageName: node
  linkType: hard

"supports-color@npm:^5.3.0":
  version: 5.5.0
  resolution: "supports-color@npm:5.5.0"
  dependencies:
    has-flag: ^3.0.0
  checksum: 95f6f4ba5afdf92f495b5a912d4abee8dcba766ae719b975c56c084f5004845f6f5a5f7769f52d53f40e21952a6d87411bafe34af4a01e65f9926002e38e1dac
  languageName: node
  linkType: hard

"which-module@npm:^2.0.0":
  version: 2.0.0
  resolution: "which-module@npm:2.0.0"
  checksum: 809f7fd3dfcb2cdbe0180b60d68100c88785084f8f9492b0998c051d7a8efe56784492609d3f09ac161635b78ea29219eb1418a98c15ce87d085bce905705c9c
  languageName: node
  linkType: hard

"which@npm:1.3.1, which@npm:^1.2.9":
  version: 1.3.1
  resolution: "which@npm:1.3.1"
  dependencies:
    isexe: ^2.0.0
  bin:
    which: ./bin/which
  checksum: f2e185c6242244b8426c9df1510e86629192d93c1a986a7d2a591f2c24869e7ffd03d6dac07ca863b2e4c06f59a4cc9916c585b72ee9fa1aa609d0124df15e04
  languageName: node
  linkType: hard

"wide-align@npm:1.1.3":
  version: 1.1.3
  resolution: "wide-align@npm:1.1.3"
  dependencies:
    string-width: ^1.0.2 || 2
  checksum: d09c8012652a9e6cab3e82338d1874a4d7db2ad1bd19ab43eb744acf0b9b5632ec406bdbbbb970a8f4771a7d5ef49824d038ba70aa884e7723f5b090ab87134d
  languageName: node
  linkType: hard

"wrap-ansi@npm:^2.0.0":
  version: 2.1.0
  resolution: "wrap-ansi@npm:2.1.0"
  dependencies:
    string-width: ^1.0.1
    strip-ansi: ^3.0.1
  checksum: 2dacd4b3636f7a53ee13d4d0fe7fa2ed9ad81e9967e17231924ea88a286ec4619a78288de8d41881ee483f4449ab2c0287cde8154ba1bd0126c10271101b2ee3
  languageName: node
  linkType: hard

"wrappy@npm:1":
  version: 1.0.2
  resolution: "wrappy@npm:1.0.2"
  checksum: 159da4805f7e84a3d003d8841557196034155008f817172d4e986bd591f74aa82aa7db55929a54222309e01079a65a92a9e6414da5a6aa4b01ee44a511ac3ee5
  languageName: node
  linkType: hard

"y18n@npm:^3.2.1 || ^4.0.0, y18n@npm:^4.0.0":
  version: 4.0.0
  resolution: "y18n@npm:4.0.0"
  checksum: 66e22d38bf994723b625dcc0159f6fd4068c511f8c565df39e8aa53426f5f31e4a9664a8d7099fbde2c22a1c71be2cb60e83f4c2961a5ee48672418d825a7bc2
  languageName: node
  linkType: hard

"yargs-parser@npm:13.0.0, yargs-parser@npm:^13.0.0":
  version: 13.0.0
  resolution: "yargs-parser@npm:13.0.0"
  dependencies:
    camelcase: ^5.0.0
    decamelize: ^1.2.0
  checksum: 3de17cf1edab251b657583f587ef045111c08452181ab345bfd76f9be93813dbba6aeca461bd9fc16ae22d0e153104e6dec31715535d2a7b1b84c9c94b6ae3d8
  languageName: node
  linkType: hard

"yargs-parser@npm:^11.1.1":
  version: 11.1.1
  resolution: "yargs-parser@npm:11.1.1"
  dependencies:
    camelcase: ^5.0.0
    decamelize: ^1.2.0
  checksum: 91a82f4e6295745269f5683d1ab11d636f1d2fa732fb1c1795ad4637f31feb54530c2072ca2c2e39d3c4d506c3645214ff08c781f4a5b48fc959788706a54f83
  languageName: node
  linkType: hard

"yargs-unparser@npm:1.5.0":
  version: 1.5.0
  resolution: "yargs-unparser@npm:1.5.0"
  dependencies:
    flat: ^4.1.0
    lodash: ^4.17.11
    yargs: ^12.0.5
  checksum: f0577ec1591402224df1fcf9b23baa219e46170367edfedf3eaa60615cca3875ef3fbb6c2a14d6943ce21f76839989d01b21701763b4fe7bfc284a181d7f7db3
  languageName: node
  linkType: hard

"yargs@npm:13.2.2":
  version: 13.2.2
  resolution: "yargs@npm:13.2.2"
  dependencies:
    cliui: ^4.0.0
    find-up: ^3.0.0
    get-caller-file: ^2.0.1
    os-locale: ^3.1.0
    require-directory: ^2.1.1
    require-main-filename: ^2.0.0
    set-blocking: ^2.0.0
    string-width: ^3.0.0
    which-module: ^2.0.0
    y18n: ^4.0.0
    yargs-parser: ^13.0.0
  checksum: 5c2c3ed3d6f8bab16f5837ada4ddbf12995d1e364e65cfc16a7c54521f5aae9cb492440b7bf50c92ee8a5be24821f716f444a674c723e06ca292bbf567889079
  languageName: node
  linkType: hard

"yargs@npm:^12.0.5":
  version: 12.0.5
  resolution: "yargs@npm:12.0.5"
  dependencies:
    cliui: ^4.0.0
    decamelize: ^1.2.0
    find-up: ^3.0.0
    get-caller-file: ^1.0.1
    os-locale: ^3.0.0
    require-directory: ^2.1.1
    require-main-filename: ^1.0.1
    set-blocking: ^2.0.0
    string-width: ^2.0.0
    which-module: ^2.0.0
    y18n: ^3.2.1 || ^4.0.0
    yargs-parser: ^11.1.1
  checksum: 716f467be3f4dd5ed346f7e07eabfbf4b915e818bf2e6582b27c8d23f17c6ee59126b1c6896234d0ca1f615ee09d1901602677c5ee294540e87f914cd27a3c9b
  languageName: node
  linkType: hard
